
Microsoft Visual Studio Solution File, Format Version 12.00
# Visual Studio Version 17
VisualStudioVersion = 17.10.34928.147
MinimumVisualStudioVersion = 10.0.40219.1
Project("{9A19103F-16F7-4668-BE54-9A1E7A4F7556}") = "DemoOnePresentation", "DemoOnePresentation.csproj", "{F16F0F4C-AC95-4C14-AFA8-2827E5C1266D}"
EndProject
Project("{9A19103F-16F7-4668-BE54-9A1E7A4F7556}") = "DAL", "..\DAL\DAL.csproj", "{9E4A09B0-F69E-4101-964F-552F950F8DCA}"
EndProject
Project("{9A19103F-16F7-4668-BE54-9A1E7A4F7556}") = "BLLayer", "..\DbLayer\BLLayer.csproj", "{F0BF89A7-00FE-4C8E-9EA2-207D6CE90592}"
EndProject
Global
	GlobalSection(SolutionConfigurationPlatforms) = preSolution
		Debug|Any CPU = Debug|Any CPU
		Release|Any CPU = Release|Any CPU
	EndGlobalSection
	GlobalSection(ProjectConfigurationPlatforms) = postSolution
		{F16F0F4C-AC95-4C14-AFA8-2827E5C1266D}.Debug|Any CPU.ActiveCfg = Debug|Any CPU
		{F16F0F4C-AC95-4C14-AFA8-2827E5C1266D}.Debug|Any CPU.Build.0 = Debug|Any CPU
		{F16F0F4C-AC95-4C14-AFA8-2827E5C1266D}.Release|Any CPU.ActiveCfg = Release|Any CPU
		{F16F0F4C-AC95-4C14-AFA8-2827E5C1266D}.Release|Any CPU.Build.0 = Release|Any CPU
		{9E4A09B0-F69E-4101-964F-552F950F8DCA}.Debug|Any CPU.ActiveCfg = Debug|Any CPU
		{9E4A09B0-F69E-4101-964F-552F950F8DCA}.Debug|Any CPU.Build.0 = Debug|Any CPU
		{9E4A09B0-F69E-4101-964F-552F950F8DCA}.Release|Any CPU.ActiveCfg = Release|Any CPU
		{9E4A09B0-F69E-4101-964F-552F950F8DCA}.Release|Any CPU.Build.0 = Release|Any CPU
		{F0BF89A7-00FE-4C8E-9EA2-207D6CE90592}.Debug|Any CPU.ActiveCfg = Debug|Any CPU
		{F0BF89A7-00FE-4C8E-9EA2-207D6CE90592}.Debug|Any CPU.Build.0 = Debug|Any CPU
		{F0BF89A7-00FE-4C8E-9EA2-207D6CE90592}.Release|Any CPU.ActiveCfg = Release|Any CPU
		{F0BF89A7-00FE-4C8E-9EA2-207D6CE90592}.Release|Any CPU.Build.0 = Release|Any CPU
	EndGlobalSection
	GlobalSection(SolutionProperties) = preSolution
		HideSolutionNode = FALSE
	EndGlobalSection
	GlobalSection(ExtensibilityGlobals) = postSolution
		SolutionGuid = {C59EDE42-928E-4F3C-944D-77FB70B7EFAD}
	EndGlobalSection
EndGlobal
